
Microsoft Visual Studio Solution File, Format Version 12.00
# Visual Studio Version 16
VisualStudioVersion = 16.0.30204.135
MinimumVisualStudioVersion = 10.0.40219.1
Project("{FAE04EC0-301F-11D3-BF4B-00C04F79EFBC}") = "Bai_3", "Bai_3\Bai_3.csproj", "{4FBF92CA-9E2A-4F93-9C6F-BB601185F760}"
EndProject
Global
	GlobalSection(SolutionConfigurationPlatforms) = preSolution
		Debug|Any CPU = Debug|Any CPU
		Release|Any CPU = Release|Any CPU
	EndGlobalSection
	GlobalSection(ProjectConfigurationPlatforms) = postSolution
		{4FBF92CA-9E2A-4F93-9C6F-BB601185F760}.Debug|Any CPU.ActiveCfg = Debug|Any CPU
		{4FBF92CA-9E2A-4F93-9C6F-BB601185F760}.Debug|Any CPU.Build.0 = Debug|Any CPU
		{4FBF92CA-9E2A-4F93-9C6F-BB601185F760}.Release|Any CPU.ActiveCfg = Release|Any CPU
		{4FBF92CA-9E2A-4F93-9C6F-BB601185F760}.Release|Any CPU.Build.0 = Release|Any CPU
	EndGlobalSection
	GlobalSection(SolutionProperties) = preSolution
		HideSolutionNode = FALSE
	EndGlobalSection
	GlobalSection(ExtensibilityGlobals) = postSolution
		SolutionGuid = {90B03F4B-D9E6-4182-8879-02CB3A342B50}
	EndGlobalSection
EndGlobal
